
Microsoft Visual Studio Solution File, Format Version 12.00
# Visual Studio Version 16
VisualStudioVersion = 16.0.28922.388
MinimumVisualStudioVersion = 10.0.40219.1
Project("{FAE04EC0-301F-11D3-BF4B-00C04F79EFBC}") = "WpfWebView2APISample", "WpfWebView2APISample.csproj", "{432842B1-4DDB-4DE4-A706-0792253E985C}"
EndProject
Global
	GlobalSection(SolutionConfigurationPlatforms) = preSolution
		Debug|Any CPU = Debug|Any CPU
		Release|Any CPU = Release|Any CPU
	EndGlobalSection
	GlobalSection(ProjectConfigurationPlatforms) = postSolution
		{432842B1-4DDB-4DE4-A706-0792253E985C}.Debug|Any CPU.ActiveCfg = Debug|Any CPU
		{432842B1-4DDB-4DE4-A706-0792253E985C}.Debug|Any CPU.Build.0 = Debug|Any CPU
		{432842B1-4DDB-4DE4-A706-0792253E985C}.Release|Any CPU.ActiveCfg = Release|Any CPU
		{432842B1-4DDB-4DE4-A706-0792253E985C}.Release|Any CPU.Build.0 = Release|Any CPU
	EndGlobalSection
	GlobalSection(SolutionProperties) = preSolution
		HideSolutionNode = FALSE
	EndGlobalSection
	GlobalSection(ExtensibilityGlobals) = postSolution
		SolutionGuid = {2D0B5652-5B49-4578-9B00-834071496CA1}
	EndGlobalSection
EndGlobal
